
Microsoft Visual Studio Solution File, Format Version 12.00
# Visual Studio Version 16
VisualStudioVersion = 16.0.33529.622
MinimumVisualStudioVersion = 10.0.40219.1
Project("{FAE04EC0-301F-11D3-BF4B-00C04F79EFBC}") = "appEquiposfutbol", "appEquiposfutbol.csproj", "{7E9CF6B4-B679-4A5C-AFFE-22AF2936527F}"
EndProject
Global
	GlobalSection(SolutionConfigurationPlatforms) = preSolution
		Debug|Any CPU = Debug|Any CPU
		Release|Any CPU = Release|Any CPU
	EndGlobalSection
	GlobalSection(ProjectConfigurationPlatforms) = postSolution
		{7E9CF6B4-B679-4A5C-AFFE-22AF2936527F}.Debug|Any CPU.ActiveCfg = Debug|Any CPU
		{7E9CF6B4-B679-4A5C-AFFE-22AF2936527F}.Debug|Any CPU.Build.0 = Debug|Any CPU
		{7E9CF6B4-B679-4A5C-AFFE-22AF2936527F}.Release|Any CPU.ActiveCfg = Release|Any CPU
		{7E9CF6B4-B679-4A5C-AFFE-22AF2936527F}.Release|Any CPU.Build.0 = Release|Any CPU
	EndGlobalSection
	GlobalSection(SolutionProperties) = preSolution
		HideSolutionNode = FALSE
	EndGlobalSection
	GlobalSection(ExtensibilityGlobals) = postSolution
		SolutionGuid = {FC87F41A-1D19-48C8-A623-6DDEAFC33456}
	EndGlobalSection
EndGlobal
